// !$*UTF8*$!
{
	archiveVersion = 1;
	classes = {
	};
	objectVersion = 46;
	objects = {

/* Begin PBXBuildFile section */
		4A8705381EF0E67200DE36F0 /* main.cpp in Sources */ = {isa = PBXBuildFile; fileRef = 4A8705371EF0E67200DE36F0 /* main.cpp */; };
		4A87053D1EF0E67200DE36F0 /* Assets.xcassets in Resources */ = {isa = PBXBuildFile; fileRef = 4A87053C1EF0E67200DE36F0 /* Assets.xcassets */; };
		4A87054A1EF0E69D00DE36F0 /* libGLEW.2.0.0.dylib in Frameworks */ = {isa = PBXBuildFile; fileRef = 4A8705481EF0E69D00DE36F0 /* libGLEW.2.0.0.dylib */; };
		4A87054B1EF0E69D00DE36F0 /* libSOIL.dylib in Frameworks */ = {isa = PBXBuildFile; fileRef = 4A8705491EF0E69D00DE36F0 /* libSOIL.dylib */; };
		4A87054D1EF0E6B700DE36F0 /* libglfw.3.2.dylib in Frameworks */ = {isa = PBXBuildFile; fileRef = 4A87054C1EF0E6B700DE36F0 /* libglfw.3.2.dylib */; };
		4A87054F1EF0E6BE00DE36F0 /* OpenGL.framework in Frameworks */ = {isa = PBXBuildFile; fileRef = 4A87054E1EF0E6BE00DE36F0 /* OpenGL.framework */; };
		4A8706CA1EF0E86300DE36F0 /* lamp.vs in Resources */ = {isa = PBXBuildFile; fileRef = 4A8706C81EF0E86300DE36F0 /* lamp.vs */; };
		4A8706CB1EF0E86300DE36F0 /* lamp.fs in Resources */ = {isa = PBXBuildFile; fileRef = 4A8706C91EF0E86300DE36F0 /* lamp.fs */; };
/* End PBXBuildFile section */

/* Begin PBXFileReference section */
		4A8705301EF0E67200DE36F0 /* GL_2_Light.app */ = {isa = PBXFileReference; explicitFileType = wrapper.application; includeInIndex = 0; path = GL_2_Light.app; sourceTree = BUILT_PRODUCTS_DIR; };
		4A8705371EF0E67200DE36F0 /* main.cpp */ = {isa = PBXFileReference; lastKnownFileType = sourcecode.cpp.cpp; path = main.cpp; sourceTree = "<group>"; };
		4A87053C1EF0E67200DE36F0 /* Assets.xcassets */ = {isa = PBXFileReference; lastKnownFileType = folder.assetcatalog; path = Assets.xcassets; sourceTree = "<group>"; };
		4A8705411EF0E67200DE36F0 /* Info.plist */ = {isa = PBXFileReference; lastKnownFileType = text.plist.xml; path = Info.plist; sourceTree = "<group>"; };
		4A8705481EF0E69D00DE36F0 /* libGLEW.2.0.0.dylib */ = {isa = PBXFileReference; lastKnownFileType = "compiled.mach-o.dylib"; name = libGLEW.2.0.0.dylib; path = ../../../../../../opt/local/lib/libGLEW.2.0.0.dylib; sourceTree = "<group>"; };
		4A8705491EF0E69D00DE36F0 /* libSOIL.dylib */ = {isa = PBXFileReference; lastKnownFileType = "compiled.mach-o.dylib"; name = libSOIL.dylib; path = ../../../../../../opt/local/lib/libSOIL.dylib; sourceTree = "<group>"; };
		4A87054C1EF0E6B700DE36F0 /* libglfw.3.2.dylib */ = {isa = PBXFileReference; lastKnownFileType = "compiled.mach-o.dylib"; name = libglfw.3.2.dylib; path = ../../../../../../usr/local/Cellar/glfw/3.2.1/lib/libglfw.3.2.dylib; sourceTree = "<group>"; };
		4A87054E1EF0E6BE00DE36F0 /* OpenGL.framework */ = {isa = PBXFileReference; lastKnownFileType = wrapper.framework; name = OpenGL.framework; path = System/Library/Frameworks/OpenGL.framework; sourceTree = SDKROOT; };
		4A8706531EF0E6E200DE36F0 /* image_DXT.h */ = {isa = PBXFileReference; fileEncoding = 4; lastKnownFileType = sourcecode.c.h; path = image_DXT.h; sourceTree = "<group>"; };
		4A8706541EF0E6E200DE36F0 /* image_helper.h */ = {isa = PBXFileReference; fileEncoding = 4; lastKnownFileType = sourcecode.c.h; path = image_helper.h; sourceTree = "<group>"; };
		4A8706551EF0E6E200DE36F0 /* SOIL.h */ = {isa = PBXFileReference; fileEncoding = 4; lastKnownFileType = sourcecode.c.h; path = SOIL.h; sourceTree = "<group>"; };
		4A8706561EF0E6E200DE36F0 /* stb_image_aug.h */ = {isa = PBXFileReference; fileEncoding = 4; lastKnownFileType = sourcecode.c.h; path = stb_image_aug.h; sourceTree = "<group>"; };
		4A8706571EF0E6E200DE36F0 /* stbi_DDS_aug.h */ = {isa = PBXFileReference; fileEncoding = 4; lastKnownFileType = sourcecode.c.h; path = stbi_DDS_aug.h; sourceTree = "<group>"; };
		4A8706581EF0E6E200DE36F0 /* stbi_DDS_aug_c.h */ = {isa = PBXFileReference; fileEncoding = 4; lastKnownFileType = sourcecode.c.h; path = stbi_DDS_aug_c.h; sourceTree = "<group>"; };
		4A8706C81EF0E86300DE36F0 /* lamp.vs */ = {isa = PBXFileReference; fileEncoding = 4; lastKnownFileType = sourcecode.glsl; path = lamp.vs; sourceTree = "<group>"; };
		4A8706C91EF0E86300DE36F0 /* lamp.fs */ = {isa = PBXFileReference; fileEncoding = 4; lastKnownFileType = sourcecode.glsl; path = lamp.fs; sourceTree = "<group>"; };
		4A8706CC1EF0E88B00DE36F0 /* Shader.h */ = {isa = PBXFileReference; lastKnownFileType = sourcecode.c.h; path = Shader.h; sourceTree = "<group>"; };
		4A8706CD1EF104D500DE36F0 /* light.fs */ = {isa = PBXFileReference; lastKnownFileType = sourcecode.glsl; path = light.fs; sourceTree = "<group>"; };
		4A8706CE1EF1066E00DE36F0 /* Camera.h */ = {isa = PBXFileReference; lastKnownFileType = sourcecode.c.h; path = Camera.h; sourceTree = "<group>"; };
		4A8706CF1EF1076C00DE36F0 /* light.vs */ = {isa = PBXFileReference; lastKnownFileType = sourcecode.glsl; path = light.vs; sourceTree = "<group>"; };
/* End PBXFileReference section */

/* Begin PBXFrameworksBuildPhase section */
		4A87052D1EF0E67200DE36F0 /* Frameworks */ = {
			isa = PBXFrameworksBuildPhase;
			buildActionMask = 2147483647;
			files = (
				4A87054F1EF0E6BE00DE36F0 /* OpenGL.framework in Frameworks */,
				4A87054D1EF0E6B700DE36F0 /* libglfw.3.2.dylib in Frameworks */,
				4A87054A1EF0E69D00DE36F0 /* libGLEW.2.0.0.dylib in Frameworks */,
				4A87054B1EF0E69D00DE36F0 /* libSOIL.dylib in Frameworks */,
			);
			runOnlyForDeploymentPostprocessing = 0;
		};
/* End PBXFrameworksBuildPhase section */

/* Begin PBXGroup section */
		4A8705271EF0E67200DE36F0 = {
			isa = PBXGroup;
			children = (
				4A8705321EF0E67200DE36F0 /* GL_2_Light */,
				4A8705311EF0E67200DE36F0 /* Products */,
				4A8705471EF0E69D00DE36F0 /* Frameworks */,
			);
			sourceTree = "<group>";
		};
		4A8705311EF0E67200DE36F0 /* Products */ = {
			isa = PBXGroup;
			children = (
				4A8705301EF0E67200DE36F0 /* GL_2_Light.app */,
			);
			name = Products;
			sourceTree = "<group>";
		};
		4A8705321EF0E67200DE36F0 /* GL_2_Light */ = {
			isa = PBXGroup;
			children = (
				4A87053C1EF0E67200DE36F0 /* Assets.xcassets */,
				4A8705411EF0E67200DE36F0 /* Info.plist */,
				4A8705371EF0E67200DE36F0 /* main.cpp */,
				4A8706C81EF0E86300DE36F0 /* lamp.vs */,
				4A8706C91EF0E86300DE36F0 /* lamp.fs */,
				4A8706CF1EF1076C00DE36F0 /* light.vs */,
				4A8706CD1EF104D500DE36F0 /* light.fs */,
				4A8705501EF0E6E100DE36F0 /* include */,
				4A8705361EF0E67200DE36F0 /* Supporting Files */,
			);
			path = GL_2_Light;
			sourceTree = "<group>";
		};
		4A8705361EF0E67200DE36F0 /* Supporting Files */ = {
			isa = PBXGroup;
			children = (
				4A8706CC1EF0E88B00DE36F0 /* Shader.h */,
				4A8706CE1EF1066E00DE36F0 /* Camera.h */,
			);
			name = "Supporting Files";
			sourceTree = "<group>";
		};
		4A8705471EF0E69D00DE36F0 /* Frameworks */ = {
			isa = PBXGroup;
			children = (
				4A87054E1EF0E6BE00DE36F0 /* OpenGL.framework */,
				4A87054C1EF0E6B700DE36F0 /* libglfw.3.2.dylib */,
				4A8705481EF0E69D00DE36F0 /* libGLEW.2.0.0.dylib */,
				4A8705491EF0E69D00DE36F0 /* libSOIL.dylib */,
			);
			name = Frameworks;
			sourceTree = "<group>";
		};
		4A8705501EF0E6E100DE36F0 /* include */ = {
			isa = PBXGroup;
			children = (
				4A8706521EF0E6E200DE36F0 /* SOIL */,
			);
			path = include;
			sourceTree = "<group>";
		};
		4A8706521EF0E6E200DE36F0 /* SOIL */ = {
			isa = PBXGroup;
			children = (
				4A8706531EF0E6E200DE36F0 /* image_DXT.h */,
				4A8706541EF0E6E200DE36F0 /* image_helper.h */,
				4A8706551EF0E6E200DE36F0 /* SOIL.h */,
				4A8706561EF0E6E200DE36F0 /* stb_image_aug.h */,
				4A8706571EF0E6E200DE36F0 /* stbi_DDS_aug.h */,
				4A8706581EF0E6E200DE36F0 /* stbi_DDS_aug_c.h */,
			);
			path = SOIL;
			sourceTree = "<group>";
		};
/* End PBXGroup section */

/* Begin PBXNativeTarget section */
		4A87052F1EF0E67200DE36F0 /* GL_2_Light */ = {
			isa = PBXNativeTarget;
			buildConfigurationList = 4A8705441EF0E67200DE36F0 /* Build configuration list for PBXNativeTarget "GL_2_Light" */;
			buildPhases = (
				4A87052C1EF0E67200DE36F0 /* Sources */,
				4A87052D1EF0E67200DE36F0 /* Frameworks */,
				4A87052E1EF0E67200DE36F0 /* Resources */,
			);
			buildRules = (
			);
			dependencies = (
			);
			name = GL_2_Light;
			productName = GL_2_Light;
			productReference = 4A8705301EF0E67200DE36F0 /* GL_2_Light.app */;
			productType = "com.apple.product-type.application";
		};
/* End PBXNativeTarget section */

/* Begin PBXProject section */
		4A8705281EF0E67200DE36F0 /* Project object */ = {
			isa = PBXProject;
			attributes = {
				LastUpgradeCheck = 0830;
				ORGANIZATIONNAME = naver;
				TargetAttributes = {
					4A87052F1EF0E67200DE36F0 = {
						CreatedOnToolsVersion = 8.3.2;
						ProvisioningStyle = Automatic;
					};
				};
			};
			buildConfigurationList = 4A87052B1EF0E67200DE36F0 /* Build configuration list for PBXProject "GL_2_Light" */;
			compatibilityVersion = "Xcode 3.2";
			developmentRegion = English;
			hasScannedForEncodings = 0;
			knownRegions = (
				en,
				Base,
			);
			mainGroup = 4A8705271EF0E67200DE36F0;
			productRefGroup = 4A8705311EF0E67200DE36F0 /* Products */;
			projectDirPath = "";
			projectRoot = "";
			targets = (
				4A87052F1EF0E67200DE36F0 /* GL_2_Light */,
			);
		};
/* End PBXProject section */

/* Begin PBXResourcesBuildPhase section */
		4A87052E1EF0E67200DE36F0 /* Resources */ = {
			isa = PBXResourcesBuildPhase;
			buildActionMask = 2147483647;
			files = (
				4A8706CB1EF0E86300DE36F0 /* lamp.fs in Resources */,
				4A87053D1EF0E67200DE36F0 /* Assets.xcassets in Resources */,
				4A8706CA1EF0E86300DE36F0 /* lamp.vs in Resources */,
			);
			runOnlyForDeploymentPostprocessing = 0;
		};
/* End PBXResourcesBuildPhase section */

/* Begin PBXSourcesBuildPhase section */
		4A87052C1EF0E67200DE36F0 /* Sources */ = {
			isa = PBXSourcesBuildPhase;
			buildActionMask = 2147483647;
			files = (
				4A8705381EF0E67200DE36F0 /* main.cpp in Sources */,
			);
			runOnlyForDeploymentPostprocessing = 0;
		};
/* End PBXSourcesBuildPhase section */

/* Begin XCBuildConfiguration section */
		4A8705421EF0E67200DE36F0 /* Debug */ = {
			isa = XCBuildConfiguration;
			buildSettings = {
				ALWAYS_SEARCH_USER_PATHS = NO;
				CLANG_ANALYZER_NONNULL = YES;
				CLANG_ANALYZER_NUMBER_OBJECT_CONVERSION = YES_AGGRESSIVE;
				CLANG_CXX_LANGUAGE_STANDARD = "gnu++0x";
				CLANG_CXX_LIBRARY = "libc++";
				CLANG_ENABLE_MODULES = YES;
				CLANG_ENABLE_OBJC_ARC = YES;
				CLANG_WARN_BOOL_CONVERSION = YES;
				CLANG_WARN_CONSTANT_CONVERSION = YES;
				CLANG_WARN_DIRECT_OBJC_ISA_USAGE = YES_ERROR;
				CLANG_WARN_DOCUMENTATION_COMMENTS = YES;
				CLANG_WARN_EMPTY_BODY = YES;
				CLANG_WARN_ENUM_CONVERSION = YES;
				CLANG_WARN_INFINITE_RECURSION = YES;
				CLANG_WARN_INT_CONVERSION = YES;
				CLANG_WARN_OBJC_ROOT_CLASS = YES_ERROR;
				CLANG_WARN_SUSPICIOUS_MOVE = YES;
				CLANG_WARN_UNREACHABLE_CODE = YES;
				CLANG_WARN__DUPLICATE_METHOD_MATCH = YES;
				CODE_SIGN_IDENTITY = "-";
				COPY_PHASE_STRIP = NO;
				DEBUG_INFORMATION_FORMAT = dwarf;
				ENABLE_STRICT_OBJC_MSGSEND = YES;
				ENABLE_TESTABILITY = YES;
				GCC_C_LANGUAGE_STANDARD = gnu99;
				GCC_DYNAMIC_NO_PIC = NO;
				GCC_NO_COMMON_BLOCKS = YES;
				GCC_OPTIMIZATION_LEVEL = 0;
				GCC_PREPROCESSOR_DEFINITIONS = (
					"DEBUG=1",
					"$(inherited)",
				);
				GCC_WARN_64_TO_32_BIT_CONVERSION = YES;
				GCC_WARN_ABOUT_RETURN_TYPE = YES_ERROR;
				GCC_WARN_UNDECLARED_SELECTOR = YES;
				GCC_WARN_UNINITIALIZED_AUTOS = YES_AGGRESSIVE;
				GCC_WARN_UNUSED_FUNCTION = YES;
				GCC_WARN_UNUSED_VARIABLE = YES;
				MACOSX_DEPLOYMENT_TARGET = 10.12;
				MTL_ENABLE_DEBUG_INFO = YES;
				ONLY_ACTIVE_ARCH = YES;
				SDKROOT = macosx;
			};
			name = Debug;
		};
		4A8705431EF0E67200DE36F0 /* Release */ = {
			isa = XCBuildConfiguration;
			buildSettings = {
				ALWAYS_SEARCH_USER_PATHS = NO;
				CLANG_ANALYZER_NONNULL = YES;
				CLANG_ANALYZER_NUMBER_OBJECT_CONVERSION = YES_AGGRESSIVE;
				CLANG_CXX_LANGUAGE_STANDARD = "gnu++0x";
				CLANG_CXX_LIBRARY = "libc++";
				CLANG_ENABLE_MODULES = YES;
				CLANG_ENABLE_OBJC_ARC = YES;
				CLANG_WARN_BOOL_CONVERSION = YES;
				CLANG_WARN_CONSTANT_CONVERSION = YES;
				CLANG_WARN_DIRECT_OBJC_ISA_USAGE = YES_ERROR;
				CLANG_WARN_DOCUMENTATION_COMMENTS = YES;
				CLANG_WARN_EMPTY_BODY = YES;
				CLANG_WARN_ENUM_CONVERSION = YES;
				CLANG_WARN_INFINITE_RECURSION = YES;
				CLANG_WARN_INT_CONVERSION = YES;
				CLANG_WARN_OBJC_ROOT_CLASS = YES_ERROR;
				CLANG_WARN_SUSPICIOUS_MOVE = YES;
				CLANG_WARN_UNREACHABLE_CODE = YES;
				CLANG_WARN__DUPLICATE_METHOD_MATCH = YES;
				CODE_SIGN_IDENTITY = "-";
				COPY_PHASE_STRIP = NO;
				DEBUG_INFORMATION_FORMAT = "dwarf-with-dsym";
				ENABLE_NS_ASSERTIONS = NO;
				ENABLE_STRICT_OBJC_MSGSEND = YES;
				GCC_C_LANGUAGE_STANDARD = gnu99;
				GCC_NO_COMMON_BLOCKS = YES;
				GCC_WARN_64_TO_32_BIT_CONVERSION = YES;
				GCC_WARN_ABOUT_RETURN_TYPE = YES_ERROR;
				GCC_WARN_UNDECLARED_SELECTOR = YES;
				GCC_WARN_UNINITIALIZED_AUTOS = YES_AGGRESSIVE;
				GCC_WARN_UNUSED_FUNCTION = YES;
				GCC_WARN_UNUSED_VARIABLE = YES;
				MACOSX_DEPLOYMENT_TARGET = 10.12;
				MTL_ENABLE_DEBUG_INFO = NO;
				SDKROOT = macosx;
			};
			name = Release;
		};
		4A8705451EF0E67200DE36F0 /* Debug */ = {
			isa = XCBuildConfiguration;
			buildSettings = {
				ASSETCATALOG_COMPILER_APPICON_NAME = AppIcon;
				COMBINE_HIDPI_IMAGES = YES;
				HEADER_SEARCH_PATHS = "$(gl_header)";
				INFOPLIST_FILE = GL_2_Light/Info.plist;
				LD_RUNPATH_SEARCH_PATHS = "$(inherited) @executable_path/../Frameworks";
				LIBRARY_SEARCH_PATHS = (
					"$(inherited)",
					/opt/local/lib,
					/usr/local/Cellar/glfw/3.2.1/lib,
				);
				PRODUCT_BUNDLE_IDENTIFIER = "com.jimbo.com.GL-2-Light";
				PRODUCT_NAME = "$(TARGET_NAME)";
				WARNING_CFLAGS = "-Wno-documentation";
			};
			name = Debug;
		};
		4A8705461EF0E67200DE36F0 /* Release */ = {
			isa = XCBuildConfiguration;
			buildSettings = {
				ASSETCATALOG_COMPILER_APPICON_NAME = AppIcon;
				COMBINE_HIDPI_IMAGES = YES;
				HEADER_SEARCH_PATHS = "$(gl_header)";
				INFOPLIST_FILE = GL_2_Light/Info.plist;
				LD_RUNPATH_SEARCH_PATHS = "$(inherited) @executable_path/../Frameworks";
				LIBRARY_SEARCH_PATHS = (
					"$(inherited)",
					/opt/local/lib,
					/usr/local/Cellar/glfw/3.2.1/lib,
				);
				PRODUCT_BUNDLE_IDENTIFIER = "com.jimbo.com.GL-2-Light";
				PRODUCT_NAME = "$(TARGET_NAME)";
				WARNING_CFLAGS = "-Wno-documentation";
			};
			name = Release;
		};
/* End XCBuildConfiguration section */

/* Begin XCConfigurationList section */
		4A87052B1EF0E67200DE36F0 /* Build configuration list for PBXProject "GL_2_Light" */ = {
			isa = XCConfigurationList;
			buildConfigurations = (
				4A8705421EF0E67200DE36F0 /* Debug */,
				4A8705431EF0E67200DE36F0 /* Release */,
			);
			defaultConfigurationIsVisible = 0;
			defaultConfigurationName = Release;
		};
		4A8705441EF0E67200DE36F0 /* Build configuration list for PBXNativeTarget "GL_2_Light" */ = {
			isa = XCConfigurationList;
			buildConfigurations = (
				4A8705451EF0E67200DE36F0 /* Debug */,
				4A8705461EF0E67200DE36F0 /* Release */,
			);
			defaultConfigurationIsVisible = 0;
			defaultConfigurationName = Release;
		};
/* End XCConfigurationList section */
	};
	rootObject = 4A8705281EF0E67200DE36F0 /* Project object */;
}
